github.com/somoers/dog v0.0.0-20240120104119-4f721fe0fdc1 h1:x1F0lnXnOTRJBLBLMpkWMRsPpF4DahG7yuyKAPXmxgA=
github.com/somoers/dog v0.0.0-20240120104119-4f721fe0fdc1/go.mod h1:wjvcSVD31iDLy/VgFOVgTPVEJ2vdVuQAItHox/LbBxk=
github.com/somoers/dog v0.0.0-20240120105639-fdddb79d4654 h1:paT30CcGrfPr1J1Z7Plcpeo0v9/jtYbQqlqbzeOvJoI=
github.com/somoers/dog v0.0.0-20240120105639-fdddb79d4654/go.mod h1:wjvcSVD31iDLy/VgFOVgTPVEJ2vdVuQAItHox/LbBxk=
